
Microsoft Visual Studio Solution File, Format Version 12.00
# Visual Studio Version 16
VisualStudioVersion = 16.0.30011.22
MinimumVisualStudioVersion = 10.0.40219.1
Project("{FAE04EC0-301F-11D3-BF4B-00C04F79EFBC}") = "ListaTarefas", "ListaTarefas.csproj", "{84100341-CB99-490E-9D77-BC1F8CA898F0}"
EndProject
Global
	GlobalSection(SolutionConfigurationPlatforms) = preSolution
		Debug|Any CPU = Debug|Any CPU
		Release|Any CPU = Release|Any CPU
	EndGlobalSection
	GlobalSection(ProjectConfigurationPlatforms) = postSolution
		{84100341-CB99-490E-9D77-BC1F8CA898F0}.Debug|Any CPU.ActiveCfg = Debug|Any CPU
		{84100341-CB99-490E-9D77-BC1F8CA898F0}.Debug|Any CPU.Build.0 = Debug|Any CPU
		{84100341-CB99-490E-9D77-BC1F8CA898F0}.Release|Any CPU.ActiveCfg = Release|Any CPU
		{84100341-CB99-490E-9D77-BC1F8CA898F0}.Release|Any CPU.Build.0 = Release|Any CPU
	EndGlobalSection
	GlobalSection(SolutionProperties) = preSolution
		HideSolutionNode = FALSE
	EndGlobalSection
	GlobalSection(ExtensibilityGlobals) = postSolution
		SolutionGuid = {B507F182-F73D-4729-87DC-6C3EC5E94F3B}
	EndGlobalSection
EndGlobal
