
Microsoft Visual Studio Solution File, Format Version 12.00
# Visual Studio Version 16
VisualStudioVersion = 16.0.30011.22
MinimumVisualStudioVersion = 10.0.40219.1
Project("{FAE04EC0-301F-11D3-BF4B-00C04F79EFBC}") = "WebMediator", "WebMediator\WebMediator.csproj", "{2C4199EB-C7F4-4C98-A3DF-10D39B26037D}"
EndProject
Global
	GlobalSection(SolutionConfigurationPlatforms) = preSolution
		Debug|Any CPU = Debug|Any CPU
		Release|Any CPU = Release|Any CPU
	EndGlobalSection
	GlobalSection(ProjectConfigurationPlatforms) = postSolution
		{2C4199EB-C7F4-4C98-A3DF-10D39B26037D}.Debug|Any CPU.ActiveCfg = Debug|Any CPU
		{2C4199EB-C7F4-4C98-A3DF-10D39B26037D}.Debug|Any CPU.Build.0 = Debug|Any CPU
		{2C4199EB-C7F4-4C98-A3DF-10D39B26037D}.Release|Any CPU.ActiveCfg = Release|Any CPU
		{2C4199EB-C7F4-4C98-A3DF-10D39B26037D}.Release|Any CPU.Build.0 = Release|Any CPU
	EndGlobalSection
	GlobalSection(SolutionProperties) = preSolution
		HideSolutionNode = FALSE
	EndGlobalSection
	GlobalSection(ExtensibilityGlobals) = postSolution
		SolutionGuid = {9E864318-BA33-4625-B294-BFA4304EE6E5}
	EndGlobalSection
EndGlobal
